<?xml version="1.0" encoding="utf-8"?>
<Project ToolsVersion="4.0" xmlns="http://schemas.microsoft.com/developer/msbuild/2003">
  <ItemGroup>
    <Filter Include="Source Files">
      <UniqueIdentifier>{4FC737F1-C7A5-4376-A066-2A32D752A2FF}</UniqueIdentifier>
      <Extensions>cpp;c;cc;cxx;def;odl;idl;hpj;bat;asm;asmx</Extensions>
    </Filter>
    <Filter Include="Header Files">
      <UniqueIdentifier>{93995380-89BD-4b04-88EB-625FBE52EBFB}</UniqueIdentifier>
      <Extensions>h;hh;hpp;hxx;hm;inl;inc;xsd</Extensions>
    </Filter>
    <Filter Include="Resource Files">
      <UniqueIdentifier>{67DA6AB6-F800-4c08-8B7A-83BB121AAD01}</UniqueIdentifier>
      <Extensions>rc;ico;cur;bmp;dlg;rc2;rct;bin;rgs;gif;jpg;jpeg;jpe;resx;tiff;tif;png;wav;mfcribbon-ms</Extensions>
    </Filter>
  </ItemGroup>
  <ItemGroup>
    <ClCompile Include="main.cpp">
      <Filter>Source Files</Filter>
    </ClCompile>
    <ClCompile Include="..\QC_DVE_CORE\source\FixedRateCashflow.cpp">
      <Filter>Source Files</Filter>
    </ClCompile>
    <ClCompile Include="..\QC_DVE_CORE\source\IborCashflow.cpp">
      <Filter>Source Files</Filter>
    </ClCompile>
    <ClCompile Include="..\QC_DVE_CORE\source\IcpClfCashflow.cpp">
      <Filter>Source Files</Filter>
    </ClCompile>
    <ClCompile Include="..\QC_DVE_CORE\source\IcpClpCashflow.cpp">
      <Filter>Source Files</Filter>
    </ClCompile>
    <ClCompile Include="..\QC_DVE_CORE\source\InterestRateIndex.cpp">
      <Filter>Source Files</Filter>
    </ClCompile>
    <ClCompile Include="..\QC_DVE_CORE\source\Leg.cpp">
      <Filter>Source Files</Filter>
    </ClCompile>
    <ClCompile Include="..\QC_DVE_CORE\source\LegFactory.cpp">
      <Filter>Source Files</Filter>
    </ClCompile>
    <ClCompile Include="..\QC_DVE_CORE\source\QC30360.cpp">
      <Filter>Source Files</Filter>
    </ClCompile>
    <ClCompile Include="..\QC_DVE_CORE\source\QCAct360.cpp">
      <Filter>Source Files</Filter>
    </ClCompile>
    <ClCompile Include="..\QC_DVE_CORE\source\QCAct365.cpp">
      <Filter>Source Files</Filter>
    </ClCompile>
    <ClCompile Include="..\QC_DVE_CORE\source\QCActAct.cpp">
      <Filter>Source Files</Filter>
    </ClCompile>
    <ClCompile Include="..\QC_DVE_CORE\source\QCBusinessCalendar.cpp">
      <Filter>Source Files</Filter>
    </ClCompile>
    <ClCompile Include="..\QC_DVE_CORE\source\QCCompoundWf.cpp">
      <Filter>Source Files</Filter>
    </ClCompile>
    <ClCompile Include="..\QC_DVE_CORE\source\QCContinousWf.cpp">
      <Filter>Source Files</Filter>
    </ClCompile>
    <ClCompile Include="..\QC_DVE_CORE\source\QCDate.cpp">
      <Filter>Source Files</Filter>
    </ClCompile>
    <ClCompile Include="..\QC_DVE_CORE\source\QCHelperFunctions.cpp">
      <Filter>Source Files</Filter>
    </ClCompile>
    <ClCompile Include="..\QC_DVE_CORE\source\QCInterestRate.cpp">
      <Filter>Source Files</Filter>
    </ClCompile>
    <ClCompile Include="..\QC_DVE_CORE\source\QCInterestRatePeriodsFactory.cpp">
      <Filter>Source Files</Filter>
    </ClCompile>
    <ClCompile Include="..\QC_DVE_CORE\source\QCLinearWf.cpp">
      <Filter>Source Files</Filter>
    </ClCompile>
    <ClCompile Include="..\QC_DVE_CORE\source\QCWealthFactor.cpp">
      <Filter>Source Files</Filter>
    </ClCompile>
    <ClCompile Include="..\QC_DVE_CORE\source\SimpleCashflow.cpp">
      <Filter>Source Files</Filter>
    </ClCompile>
    <ClCompile Include="..\QC_DVE_CORE\source\SimpleMultiCurrencyCashflow.cpp">
      <Filter>Source Files</Filter>
    </ClCompile>
    <ClCompile Include="..\QC_DVE_CORE\source\Tenor.cpp">
      <Filter>Source Files</Filter>
    </ClCompile>
    <ClCompile Include="\\mac\Home\Documents\qcode\QCDValuationEngine\QC_DVE_CORE\source\QCLinearInterpolator.cpp">
      <Filter>Source Files</Filter>
    </ClCompile>
    <ClCompile Include="\\mac\Home\Documents\qcode\QCDValuationEngine\QC_DVE_CORE\source\QCInterpolator.cpp">
      <Filter>Source Files</Filter>
    </ClCompile>
    <ClCompile Include="\\mac\Home\Documents\qcode\QCDValuationEngine\QC_DVE_CORE\source\ZeroCouponCurve.cpp">
      <Filter>Source Files</Filter>
    </ClCompile>
    <ClCompile Include="\\mac\Home\Documents\qcode\QCDValuationEngine\QC_DVE_CORE\source\QCAct30.cpp">
      <Filter>Source Files</Filter>
    </ClCompile>
    <ClCompile Include="\\mac\Home\Documents\qcode\QCDValuationEngine\QC_DVE_CORE\source\FixedRateBond.cpp">
      <Filter>Source Files</Filter>
    </ClCompile>
    <ClCompile Include="\\mac\Home\Documents\qcode\QCDValuationEngine\QC_DVE_CORE\source\ChileanFixedRateBond.cpp">
      <Filter>Source Files</Filter>
    </ClCompile>
    <ClCompile Include="\\mac\Home\Documents\qcode\QCDValuationEngine\QC_DVE_CORE\source\FixedRateMultiCurrencyCashflow.cpp">
      <Filter>Source Files</Filter>
    </ClCompile>
  </ItemGroup>
  <ItemGroup>
    <ClInclude Include="\\mac\Home\Documents\qcode\QCDValuationEngine\QC_Financial\Include\Wrappers.h">
      <Filter>Header Files</Filter>
    </ClInclude>
  </ItemGroup>
</Project>