<?xml version="1.0" encoding="utf-8"?>
<Project ToolsVersion="4.0" xmlns="http://schemas.microsoft.com/developer/msbuild/2003">
  <ItemGroup>
    <Filter Include="Source Files">
      <UniqueIdentifier>{4FC737F1-C7A5-4376-A066-2A32D752A2FF}</UniqueIdentifier>
      <Extensions>cpp;c;cc;cxx;def;odl;idl;hpj;bat;asm;asmx</Extensions>
    </Filter>
    <Filter Include="Header Files">
      <UniqueIdentifier>{93995380-89BD-4b04-88EB-625FBE52EBFB}</UniqueIdentifier>
      <Extensions>h;hh;hpp;hxx;hm;inl;inc;xsd</Extensions>
    </Filter>
    <Filter Include="Source Files\Resource Files">
      <UniqueIdentifier>{67DA6AB6-F800-4c08-8B7A-83BB121AAD01}</UniqueIdentifier>
      <Extensions>rc;ico;cur;bmp;dlg;rc2;rct;bin;rgs;gif;jpg;jpeg;jpe;resx;tiff;tif;png;wav;mfcribbon-ms</Extensions>
    </Filter>
    <Filter Include="Header Files\Cashflows">
      <UniqueIdentifier>{1cbe2e49-13e8-4b91-9bf7-3cdcf092a330}</UniqueIdentifier>
    </Filter>
    <Filter Include="Source Files\Cashflows">
      <UniqueIdentifier>{a4ecc6f7-e71b-4c2c-b8a2-babbfa5a0714}</UniqueIdentifier>
    </Filter>
    <Filter Include="Header Files\Indexes">
      <UniqueIdentifier>{5edd4bc9-2700-465b-9119-693abdcc5d53}</UniqueIdentifier>
    </Filter>
    <Filter Include="Source Files\Indexes">
      <UniqueIdentifier>{4d2943af-e8ab-45c6-94a7-ec93671a3c78}</UniqueIdentifier>
    </Filter>
    <Filter Include="Header Files\Asset Classes">
      <UniqueIdentifier>{fdb89cff-99d2-4f43-96c4-99a70ba755f5}</UniqueIdentifier>
    </Filter>
  </ItemGroup>
  <ItemGroup>
    <Text Include="ReadMe.txt" />
  </ItemGroup>
  <ItemGroup>
    <ClInclude Include="include\QC30360.h">
      <Filter>Header Files</Filter>
    </ClInclude>
    <ClInclude Include="include\QCAct360.h">
      <Filter>Header Files</Filter>
    </ClInclude>
    <ClInclude Include="include\QCAct365.h">
      <Filter>Header Files</Filter>
    </ClInclude>
    <ClInclude Include="include\QCActAct.h">
      <Filter>Header Files</Filter>
    </ClInclude>
    <ClInclude Include="include\QCBusinessCalendar.h">
      <Filter>Header Files</Filter>
    </ClInclude>
    <ClInclude Include="include\QCDate.h">
      <Filter>Header Files</Filter>
    </ClInclude>
    <ClInclude Include="include\QCYearFraction.h">
      <Filter>Header Files</Filter>
    </ClInclude>
    <ClInclude Include="include\QCTest.h">
      <Filter>Header Files</Filter>
    </ClInclude>
    <ClInclude Include="include\QCDefinitions.h">
      <Filter>Header Files</Filter>
    </ClInclude>
    <ClInclude Include="include\QCInterestRate.h">
      <Filter>Header Files</Filter>
    </ClInclude>
    <ClInclude Include="include\QCClampedSpline.h">
      <Filter>Header Files</Filter>
    </ClInclude>
    <ClInclude Include="include\QCCurve.h">
      <Filter>Header Files</Filter>
    </ClInclude>
    <ClInclude Include="include\QCInterpolator.h">
      <Filter>Header Files</Filter>
    </ClInclude>
    <ClInclude Include="include\QCWealthFactor.h">
      <Filter>Header Files</Filter>
    </ClInclude>
    <ClInclude Include="include\QCInterestRateLeg.h">
      <Filter>Header Files</Filter>
    </ClInclude>
    <ClInclude Include="include\QCLinearWf.h">
      <Filter>Header Files</Filter>
    </ClInclude>
    <ClInclude Include="include\QCInterestRatePayoff.h">
      <Filter>Header Files</Filter>
    </ClInclude>
    <ClInclude Include="include\QCContinousWf.h">
      <Filter>Header Files</Filter>
    </ClInclude>
    <ClInclude Include="include\QCFixedRatePayoff.h">
      <Filter>Header Files</Filter>
    </ClInclude>
    <ClInclude Include="include\QCLinearInterpolator.h">
      <Filter>Header Files</Filter>
    </ClInclude>
    <ClInclude Include="include\QCFloatingRatePayoff.h">
      <Filter>Header Files</Filter>
    </ClInclude>
    <ClInclude Include="include\QCCompoundWf.h">
      <Filter>Header Files</Filter>
    </ClInclude>
    <ClInclude Include="include\QCZeroCouponInterestRateCurve.h">
      <Filter>Header Files</Filter>
    </ClInclude>
    <ClInclude Include="include\QCProjectingInterestRateCurve.h">
      <Filter>Header Files</Filter>
    </ClInclude>
    <ClInclude Include="include\QCIcpClpPayoff.h">
      <Filter>Header Files</Filter>
    </ClInclude>
    <ClInclude Include="include\QCIcpClfPayoff.h">
      <Filter>Header Files</Filter>
    </ClInclude>
    <ClInclude Include="include\QCFactoryFunctions.h">
      <Filter>Header Files</Filter>
    </ClInclude>
    <ClInclude Include="include\QCLogLinearInterpolator.h">
      <Filter>Header Files</Filter>
    </ClInclude>
    <ClInclude Include="include\QCInterestRateCurve.h">
      <Filter>Header Files</Filter>
    </ClInclude>
    <ClInclude Include="include\QCZeroCouponCurve.h">
      <Filter>Header Files</Filter>
    </ClInclude>
    <ClInclude Include="include\QCZeroCouponDiscountFactorCurve.h">
      <Filter>Header Files</Filter>
    </ClInclude>
    <ClInclude Include="include\QCHelperFunctions.h">
      <Filter>Header Files</Filter>
    </ClInclude>
    <ClInclude Include="include\QCInterestRatePeriodsFactory.h">
      <Filter>Header Files</Filter>
    </ClInclude>
    <ClInclude Include="include\QCDiscountBondPayoff.h">
      <Filter>Header Files</Filter>
    </ClInclude>
    <ClInclude Include="include\QCCurrencyConverter.h">
      <Filter>Header Files</Filter>
    </ClInclude>
    <ClInclude Include="include\QCValueEngine.h">
      <Filter>Header Files</Filter>
    </ClInclude>
    <ClInclude Include="include\QCTimeDepositPayoff.h">
      <Filter>Header Files</Filter>
    </ClInclude>
    <ClInclude Include="include\QCInterestRateCurveGenerator.h">
      <Filter>Header Files</Filter>
    </ClInclude>
    <ClInclude Include="include\QCZeroCurveBootstrappingFromRatesAndFixedLegs.h">
      <Filter>Header Files</Filter>
    </ClInclude>
    <ClInclude Include="include\QCZeroCurveBootstrappingFromRatesFwdsAndFixedLegs.h">
      <Filter>Header Files</Filter>
    </ClInclude>
    <ClInclude Include="include\QCOperation.h">
      <Filter>Header Files</Filter>
    </ClInclude>
    <ClInclude Include="include\QCFXForward.h">
      <Filter>Header Files</Filter>
    </ClInclude>
    <ClInclude Include="include\QCZeroCurveBootstrappingFromRatesFwdsAndFloatingLegs.h">
      <Filter>Header Files</Filter>
    </ClInclude>
    <ClInclude Include="include\QCZeroCurveBootstrappingFromRates.h">
      <Filter>Header Files</Filter>
    </ClInclude>
    <ClInclude Include="\\mac\Home\Documents\qcode\QCDValuationEngine\QC_DVE_CORE\include\QCInterestRateBasisSwap.h">
      <Filter>Header Files</Filter>
    </ClInclude>
    <ClInclude Include="\\mac\Home\Documents\qcode\QCDValuationEngine\QC_DVE_CORE\include\QCZeroCurveBootstrappingFromRatesAndFloatingLegsProjCurve.h">
      <Filter>Header Files</Filter>
    </ClInclude>
    <ClInclude Include="\\mac\Home\Documents\qcode\QCDValuationEngine\QC_DVE_CORE\include\QCCurrency.h">
      <Filter>Header Files</Filter>
    </ClInclude>
    <ClInclude Include="\\mac\Home\Documents\qcode\QCDValuationEngine\QC_DVE_CORE\include\Cashflow.h">
      <Filter>Header Files\Cashflows</Filter>
    </ClInclude>
    <ClInclude Include="\\mac\Home\Documents\qcode\QCDValuationEngine\QC_DVE_CORE\include\FixedRateCashflow.h">
      <Filter>Header Files\Cashflows</Filter>
    </ClInclude>
    <ClInclude Include="\\mac\Home\Documents\qcode\QCDValuationEngine\QC_DVE_CORE\include\IborCashflow.h">
      <Filter>Header Files\Cashflows</Filter>
    </ClInclude>
    <ClInclude Include="\\mac\Home\Documents\qcode\QCDValuationEngine\QC_DVE_CORE\include\InterestRateIndex.h">
      <Filter>Header Files\Indexes</Filter>
    </ClInclude>
    <ClInclude Include="\\mac\Home\Documents\qcode\QCDValuationEngine\QC_DVE_CORE\include\LegFactory.h">
      <Filter>Header Files\Cashflows</Filter>
    </ClInclude>
    <ClInclude Include="\\mac\Home\Documents\qcode\QCDValuationEngine\QC_DVE_CORE\include\Tenor.h">
      <Filter>Header Files\Indexes</Filter>
    </ClInclude>
    <ClInclude Include="\\mac\Home\Documents\qcode\QCDValuationEngine\QC_DVE_CORE\include\FinancialIndex.h">
      <Filter>Header Files\Indexes</Filter>
    </ClInclude>
    <ClInclude Include="\\mac\Home\Documents\qcode\QCDValuationEngine\QC_DVE_CORE\include\Leg.h">
      <Filter>Header Files\Cashflows</Filter>
    </ClInclude>
    <ClInclude Include="\\mac\Home\Documents\qcode\QCDValuationEngine\QC_DVE_CORE\include\SimpleCashflow.h">
      <Filter>Header Files\Cashflows</Filter>
    </ClInclude>
    <ClInclude Include="\\mac\Home\Documents\qcode\QCDValuationEngine\QC_DVE_CORE\include\FXRate.h">
      <Filter>Header Files\Asset Classes</Filter>
    </ClInclude>
    <ClInclude Include="\\mac\Home\Documents\qcode\QCDValuationEngine\QC_DVE_CORE\include\FXRateIndex.h">
      <Filter>Header Files\Indexes</Filter>
    </ClInclude>
    <ClInclude Include="\\mac\Home\Documents\qcode\QCDValuationEngine\QC_DVE_CORE\include\SimpleMultiCurrencyCashflow.h">
      <Filter>Header Files\Cashflows</Filter>
    </ClInclude>
    <ClInclude Include="\\mac\Home\Documents\qcode\QCDValuationEngine\QC_DVE_CORE\include\IcpClpCashflow.h">
      <Filter>Header Files\Cashflows</Filter>
    </ClInclude>
    <ClInclude Include="\\mac\Home\Documents\qcode\QCDValuationEngine\QC_DVE_CORE\include\IcpClfCashflow.h">
      <Filter>Header Files\Cashflows</Filter>
    </ClInclude>
  </ItemGroup>
  <ItemGroup>
    <ClCompile Include="source\QCTest.cpp">
      <Filter>Source Files</Filter>
    </ClCompile>
    <ClCompile Include="source\QC30360.cpp">
      <Filter>Source Files</Filter>
    </ClCompile>
    <ClCompile Include="source\QCAct360.cpp">
      <Filter>Source Files</Filter>
    </ClCompile>
    <ClCompile Include="source\QCAct365.cpp">
      <Filter>Source Files</Filter>
    </ClCompile>
    <ClCompile Include="source\QCActAct.cpp">
      <Filter>Source Files</Filter>
    </ClCompile>
    <ClCompile Include="source\QCBusinessCalendar.cpp">
      <Filter>Source Files</Filter>
    </ClCompile>
    <ClCompile Include="source\QCDate.cpp">
      <Filter>Source Files</Filter>
    </ClCompile>
    <ClCompile Include="source\QCClampedSpline.cpp">
      <Filter>Source Files</Filter>
    </ClCompile>
    <ClCompile Include="source\QCInterpolator.cpp">
      <Filter>Source Files</Filter>
    </ClCompile>
    <ClCompile Include="source\QCLinearWf.cpp">
      <Filter>Source Files</Filter>
    </ClCompile>
    <ClCompile Include="source\QCInterestRateLeg.cpp">
      <Filter>Source Files</Filter>
    </ClCompile>
    <ClCompile Include="source\QCInterestRate.cpp">
      <Filter>Source Files</Filter>
    </ClCompile>
    <ClCompile Include="source\QCWealthFactor.cpp">
      <Filter>Source Files</Filter>
    </ClCompile>
    <ClCompile Include="source\QCContinousWf.cpp">
      <Filter>Source Files</Filter>
    </ClCompile>
    <ClCompile Include="source\QCInterestRatePayoff.cpp">
      <Filter>Source Files</Filter>
    </ClCompile>
    <ClCompile Include="source\QCFixedRatePayoff.cpp">
      <Filter>Source Files</Filter>
    </ClCompile>
    <ClCompile Include="source\QCLinearInterpolator.cpp">
      <Filter>Source Files</Filter>
    </ClCompile>
    <ClCompile Include="source\QCFloatingRatePayoff.cpp">
      <Filter>Source Files</Filter>
    </ClCompile>
    <ClCompile Include="source\QCCompoundWf.cpp">
      <Filter>Source Files</Filter>
    </ClCompile>
    <ClCompile Include="source\QCZeroCouponDiscountFactorCurve.cpp">
      <Filter>Source Files</Filter>
    </ClCompile>
    <ClCompile Include="source\QCZeroCouponInterestRateCurve.cpp">
      <Filter>Source Files</Filter>
    </ClCompile>
    <ClCompile Include="source\QCCurve.cpp">
      <Filter>Source Files</Filter>
    </ClCompile>
    <ClCompile Include="source\QCProjectingInterestRateCurve.cpp">
      <Filter>Source Files</Filter>
    </ClCompile>
    <ClCompile Include="source\QCIcpClpPayoff.cpp">
      <Filter>Source Files</Filter>
    </ClCompile>
    <ClCompile Include="source\QCIcpClfPayoff.cpp">
      <Filter>Source Files</Filter>
    </ClCompile>
    <ClCompile Include="source\QCFactoryFunctions.cpp">
      <Filter>Source Files</Filter>
    </ClCompile>
    <ClCompile Include="source\QCLogLinearInterpolator.cpp">
      <Filter>Source Files</Filter>
    </ClCompile>
    <ClCompile Include="source\QCZeroCouponCurve.cpp">
      <Filter>Source Files</Filter>
    </ClCompile>
    <ClCompile Include="source\QCHelperFunctions.cpp">
      <Filter>Source Files</Filter>
    </ClCompile>
    <ClCompile Include="source\QCInterestRatePeriodsFactory.cpp">
      <Filter>Source Files</Filter>
    </ClCompile>
    <ClCompile Include="source\QCDiscountBondPayoff.cpp">
      <Filter>Source Files</Filter>
    </ClCompile>
    <ClCompile Include="source\QCTimeDepositPayoff.cpp">
      <Filter>Source Files</Filter>
    </ClCompile>
    <ClCompile Include="source\QCZeroCurveBootstrappingFromRatesAndFixedLegs.cpp">
      <Filter>Source Files</Filter>
    </ClCompile>
    <ClCompile Include="source\QCZeroCurveBootstrappingFromRatesFwdsAndFixedLegs.cpp">
      <Filter>Source Files</Filter>
    </ClCompile>
    <ClCompile Include="source\QCFXForward.cpp">
      <Filter>Source Files</Filter>
    </ClCompile>
    <ClCompile Include="source\QCZeroCurveBootstrappingFromRatesFwdsAndFloatingLegs.cpp">
      <Filter>Source Files</Filter>
    </ClCompile>
    <ClCompile Include="source\QCZeroCurveBootstrappingFromRates.cpp">
      <Filter>Source Files</Filter>
    </ClCompile>
    <ClCompile Include="source\Tenor.cpp">
      <Filter>Source Files\Indexes</Filter>
    </ClCompile>
    <ClCompile Include="source\FixedRateCashflow.cpp">
      <Filter>Source Files\Cashflows</Filter>
    </ClCompile>
    <ClCompile Include="source\IborCashflow.cpp">
      <Filter>Source Files\Cashflows</Filter>
    </ClCompile>
    <ClCompile Include="source\IcpClfCashflow.cpp">
      <Filter>Source Files\Cashflows</Filter>
    </ClCompile>
    <ClCompile Include="source\IcpClpCashflow.cpp">
      <Filter>Source Files\Cashflows</Filter>
    </ClCompile>
    <ClCompile Include="source\Leg.cpp">
      <Filter>Source Files</Filter>
    </ClCompile>
    <ClCompile Include="source\LegFactory.cpp">
      <Filter>Source Files</Filter>
    </ClCompile>
    <ClCompile Include="source\SimpleCashflow.cpp">
      <Filter>Source Files\Cashflows</Filter>
    </ClCompile>
    <ClCompile Include="source\SimpleMultiCurrencyCashflow.cpp">
      <Filter>Source Files\Cashflows</Filter>
    </ClCompile>
    <ClCompile Include="source\InterestRateIndex.cpp">
      <Filter>Source Files\Indexes</Filter>
    </ClCompile>
    <ClCompile Include="source\QCInterestRateBasisSwap.cpp">
      <Filter>Source Files</Filter>
    </ClCompile>
    <ClCompile Include="source\QCZeroCurveBootstrappingFromRatesAndFloatingLegsProjCurve.cpp">
      <Filter>Source Files</Filter>
    </ClCompile>
  </ItemGroup>
  <ItemGroup>
    <None Include="ClassDiagram.cd" />
  </ItemGroup>
</Project>