<?xml version="1.0" encoding="utf-8"?>
<Project ToolsVersion="4.0" xmlns="http://schemas.microsoft.com/developer/msbuild/2003">
  <ItemGroup>
    <Filter Include="Source Files">
      <UniqueIdentifier>{4FC737F1-C7A5-4376-A066-2A32D752A2FF}</UniqueIdentifier>
      <Extensions>cpp;c;cc;cxx;def;odl;idl;hpj;bat;asm;asmx</Extensions>
    </Filter>
    <Filter Include="Header Files">
      <UniqueIdentifier>{93995380-89BD-4b04-88EB-625FBE52EBFB}</UniqueIdentifier>
      <Extensions>h;hh;hpp;hxx;hm;inl;inc;xsd</Extensions>
    </Filter>
    <Filter Include="Resource Files">
      <UniqueIdentifier>{67DA6AB6-F800-4c08-8B7A-83BB121AAD01}</UniqueIdentifier>
      <Extensions>rc;ico;cur;bmp;dlg;rc2;rct;bin;rgs;gif;jpg;jpeg;jpe;resx;tiff;tif;png;wav</Extensions>
    </Filter>
  </ItemGroup>
  <ItemGroup>
    <ClCompile Include="source\ChileanFixedRateBond.cpp">
      <Filter>Source Files</Filter>
    </ClCompile>
    <ClCompile Include="source\FixedRateBond.cpp">
      <Filter>Source Files</Filter>
    </ClCompile>
    <ClCompile Include="source\FixedRateCashflow.cpp">
      <Filter>Source Files</Filter>
    </ClCompile>
    <ClCompile Include="source\FixedRateCashflow2.cpp">
      <Filter>Source Files</Filter>
    </ClCompile>
    <ClCompile Include="source\FixedRateMultiCurrencyCashflow.cpp">
      <Filter>Source Files</Filter>
    </ClCompile>
    <ClCompile Include="source\HelperFunctions.cpp">
      <Filter>Source Files</Filter>
    </ClCompile>
    <ClCompile Include="source\IborCashflow.cpp">
      <Filter>Source Files</Filter>
    </ClCompile>
    <ClCompile Include="source\IborMultiCurrencyCashflow.cpp">
      <Filter>Source Files</Filter>
    </ClCompile>
    <ClCompile Include="source\IcpClfCashflow.cpp">
      <Filter>Source Files</Filter>
    </ClCompile>
    <ClCompile Include="source\IcpClpCashflow.cpp">
      <Filter>Source Files</Filter>
    </ClCompile>
    <ClCompile Include="source\InterestRateIndex.cpp">
      <Filter>Source Files</Filter>
    </ClCompile>
    <ClCompile Include="source\Leg.cpp">
      <Filter>Source Files</Filter>
    </ClCompile>
    <ClCompile Include="source\LegFactory.cpp">
      <Filter>Source Files</Filter>
    </ClCompile>
    <ClCompile Include="source\QC3030.cpp">
      <Filter>Source Files</Filter>
    </ClCompile>
    <ClCompile Include="source\QC30360.cpp">
      <Filter>Source Files</Filter>
    </ClCompile>
    <ClCompile Include="source\QCAct30.cpp">
      <Filter>Source Files</Filter>
    </ClCompile>
    <ClCompile Include="source\QCAct360.cpp">
      <Filter>Source Files</Filter>
    </ClCompile>
    <ClCompile Include="source\QCAct365.cpp">
      <Filter>Source Files</Filter>
    </ClCompile>
    <ClCompile Include="source\QCActAct.cpp">
      <Filter>Source Files</Filter>
    </ClCompile>
    <ClCompile Include="source\QCBusinessCalendar.cpp">
      <Filter>Source Files</Filter>
    </ClCompile>
    <ClCompile Include="source\QCClampedSpline.cpp">
      <Filter>Source Files</Filter>
    </ClCompile>
    <ClCompile Include="source\QCCompoundWf.cpp">
      <Filter>Source Files</Filter>
    </ClCompile>
    <ClCompile Include="source\QCContinousWf.cpp">
      <Filter>Source Files</Filter>
    </ClCompile>
    <ClCompile Include="source\QCDate.cpp">
      <Filter>Source Files</Filter>
    </ClCompile>
    <ClCompile Include="source\QCDiscountBondPayoff.cpp">
      <Filter>Source Files</Filter>
    </ClCompile>
    <ClCompile Include="source\QCFactoryFunctions.cpp">
      <Filter>Source Files</Filter>
    </ClCompile>
    <ClCompile Include="source\QCFixedRatePayoff.cpp">
      <Filter>Source Files</Filter>
    </ClCompile>
    <ClCompile Include="source\QCFloatingRatePayoff.cpp">
      <Filter>Source Files</Filter>
    </ClCompile>
    <ClCompile Include="source\QCFXForward.cpp">
      <Filter>Source Files</Filter>
    </ClCompile>
    <ClCompile Include="source\QCHelperFunctions.cpp">
      <Filter>Source Files</Filter>
    </ClCompile>
    <ClCompile Include="source\QCIcpClfPayoff.cpp">
      <Filter>Source Files</Filter>
    </ClCompile>
    <ClCompile Include="source\QCIcpClpPayoff.cpp">
      <Filter>Source Files</Filter>
    </ClCompile>
    <ClCompile Include="source\QCInterestRate.cpp">
      <Filter>Source Files</Filter>
    </ClCompile>
    <ClCompile Include="source\QCInterestRateBasisSwap.cpp">
      <Filter>Source Files</Filter>
    </ClCompile>
    <ClCompile Include="source\QCInterestRateLeg.cpp">
      <Filter>Source Files</Filter>
    </ClCompile>
    <ClCompile Include="source\QCInterestRatePayoff.cpp">
      <Filter>Source Files</Filter>
    </ClCompile>
    <ClCompile Include="source\QCInterestRatePeriodsFactory.cpp">
      <Filter>Source Files</Filter>
    </ClCompile>
    <ClCompile Include="source\QCInterpolator.cpp">
      <Filter>Source Files</Filter>
    </ClCompile>
    <ClCompile Include="source\QCLinearInterpolator.cpp">
      <Filter>Source Files</Filter>
    </ClCompile>
    <ClCompile Include="source\QCLinearWf.cpp">
      <Filter>Source Files</Filter>
    </ClCompile>
    <ClCompile Include="source\QCLogLinearInterpolator.cpp">
      <Filter>Source Files</Filter>
    </ClCompile>
    <ClCompile Include="source\QCProjectingInterestRateCurve.cpp">
      <Filter>Source Files</Filter>
    </ClCompile>
    <ClCompile Include="source\QCTest.cpp">
      <Filter>Source Files</Filter>
    </ClCompile>
    <ClCompile Include="source\QCTimeDepositPayoff.cpp">
      <Filter>Source Files</Filter>
    </ClCompile>
    <ClCompile Include="source\QCWealthFactor.cpp">
      <Filter>Source Files</Filter>
    </ClCompile>
    <ClCompile Include="source\QCZeroCouponCurve.cpp">
      <Filter>Source Files</Filter>
    </ClCompile>
    <ClCompile Include="source\QCZeroCouponDiscountFactorCurve.cpp">
      <Filter>Source Files</Filter>
    </ClCompile>
    <ClCompile Include="source\QCZeroCouponInterestRateCurve.cpp">
      <Filter>Source Files</Filter>
    </ClCompile>
    <ClCompile Include="source\QCZeroCurveBootstrappingFromRates.cpp">
      <Filter>Source Files</Filter>
    </ClCompile>
    <ClCompile Include="source\QCZeroCurveBootstrappingFromRatesAndFixedLegs.cpp">
      <Filter>Source Files</Filter>
    </ClCompile>
    <ClCompile Include="source\QCZeroCurveBootstrappingFromRatesAndFloatingLegsProjCurve.cpp">
      <Filter>Source Files</Filter>
    </ClCompile>
    <ClCompile Include="source\QCZeroCurveBootstrappingFromRatesFwdsAndFixedLegs.cpp">
      <Filter>Source Files</Filter>
    </ClCompile>
    <ClCompile Include="source\QCZeroCurveBootstrappingFromRatesFwdsAndFloatingLegs.cpp">
      <Filter>Source Files</Filter>
    </ClCompile>
    <ClCompile Include="source\SimpleCashflow.cpp">
      <Filter>Source Files</Filter>
    </ClCompile>
    <ClCompile Include="source\SimpleMultiCurrencyCashflow.cpp">
      <Filter>Source Files</Filter>
    </ClCompile>
    <ClCompile Include="source\Tenor.cpp">
      <Filter>Source Files</Filter>
    </ClCompile>
    <ClCompile Include="source\ZeroCouponCurve.cpp">
      <Filter>Source Files</Filter>
    </ClCompile>
  </ItemGroup>
  <ItemGroup>
    <ClInclude Include="include\AssetFactory.h">
      <Filter>Header Files</Filter>
    </ClInclude>
    <ClInclude Include="include\Cashflow.h">
      <Filter>Header Files</Filter>
    </ClInclude>
    <ClInclude Include="include\ChileanFixedRateBond.h">
      <Filter>Header Files</Filter>
    </ClInclude>
    <ClInclude Include="include\FinancialIndex.h">
      <Filter>Header Files</Filter>
    </ClInclude>
    <ClInclude Include="include\FixedRateBond.h">
      <Filter>Header Files</Filter>
    </ClInclude>
    <ClInclude Include="include\FixedRateCashflow.h">
      <Filter>Header Files</Filter>
    </ClInclude>
    <ClInclude Include="include\FixedRateCashflow2.h">
      <Filter>Header Files</Filter>
    </ClInclude>
    <ClInclude Include="include\FixedRateCashflowWrapper.h">
      <Filter>Header Files</Filter>
    </ClInclude>
    <ClInclude Include="include\FixedRateMultiCurrencyCashflow.h">
      <Filter>Header Files</Filter>
    </ClInclude>
    <ClInclude Include="include\ForwardRates.h">
      <Filter>Header Files</Filter>
    </ClInclude>
    <ClInclude Include="include\FXRate.h">
      <Filter>Header Files</Filter>
    </ClInclude>
    <ClInclude Include="include\FXRateIndex.h">
      <Filter>Header Files</Filter>
    </ClInclude>
    <ClInclude Include="include\HelperFunctions.h">
      <Filter>Header Files</Filter>
    </ClInclude>
    <ClInclude Include="include\IborCashflow.h">
      <Filter>Header Files</Filter>
    </ClInclude>
    <ClInclude Include="include\IborMultiCurrencyCashflow.h">
      <Filter>Header Files</Filter>
    </ClInclude>
    <ClInclude Include="include\IcpClfCashflow.h">
      <Filter>Header Files</Filter>
    </ClInclude>
    <ClInclude Include="include\IcpClpCashflow.h">
      <Filter>Header Files</Filter>
    </ClInclude>
    <ClInclude Include="include\IndexFactory.h">
      <Filter>Header Files</Filter>
    </ClInclude>
    <ClInclude Include="include\InterestRateCurve.h">
      <Filter>Header Files</Filter>
    </ClInclude>
    <ClInclude Include="include\InterestRateIndex.h">
      <Filter>Header Files</Filter>
    </ClInclude>
    <ClInclude Include="include\Leg.h">
      <Filter>Header Files</Filter>
    </ClInclude>
    <ClInclude Include="include\LegFactory.h">
      <Filter>Header Files</Filter>
    </ClInclude>
    <ClInclude Include="include\LinearInterestRateCashflow.h">
      <Filter>Header Files</Filter>
    </ClInclude>
    <ClInclude Include="include\PresentValue.h">
      <Filter>Header Files</Filter>
    </ClInclude>
    <ClInclude Include="include\QC3030.h">
      <Filter>Header Files</Filter>
    </ClInclude>
    <ClInclude Include="include\QC30360.h">
      <Filter>Header Files</Filter>
    </ClInclude>
    <ClInclude Include="include\QCAct30.h">
      <Filter>Header Files</Filter>
    </ClInclude>
    <ClInclude Include="include\QCAct360.h">
      <Filter>Header Files</Filter>
    </ClInclude>
    <ClInclude Include="include\QCAct365.h">
      <Filter>Header Files</Filter>
    </ClInclude>
    <ClInclude Include="include\QCActAct.h">
      <Filter>Header Files</Filter>
    </ClInclude>
    <ClInclude Include="include\QCBusinessCalendar.h">
      <Filter>Header Files</Filter>
    </ClInclude>
    <ClInclude Include="include\QCClampedSpline.h">
      <Filter>Header Files</Filter>
    </ClInclude>
    <ClInclude Include="include\QCCompoundWf.h">
      <Filter>Header Files</Filter>
    </ClInclude>
    <ClInclude Include="include\QCContinousWf.h">
      <Filter>Header Files</Filter>
    </ClInclude>
    <ClInclude Include="include\QCCurrency.h">
      <Filter>Header Files</Filter>
    </ClInclude>
    <ClInclude Include="include\QCCurrencyConverter.h">
      <Filter>Header Files</Filter>
    </ClInclude>
    <ClInclude Include="include\QCCurve.h">
      <Filter>Header Files</Filter>
    </ClInclude>
    <ClInclude Include="include\QCDate.h">
      <Filter>Header Files</Filter>
    </ClInclude>
    <ClInclude Include="include\QCDefinitions.h">
      <Filter>Header Files</Filter>
    </ClInclude>
    <ClInclude Include="include\QCDiscountBondPayoff.h">
      <Filter>Header Files</Filter>
    </ClInclude>
    <ClInclude Include="include\QCFactoryFunctions.h">
      <Filter>Header Files</Filter>
    </ClInclude>
    <ClInclude Include="include\QCFixedRatePayoff.h">
      <Filter>Header Files</Filter>
    </ClInclude>
    <ClInclude Include="include\QCFloatingRatePayoff.h">
      <Filter>Header Files</Filter>
    </ClInclude>
    <ClInclude Include="include\QCFXForward.h">
      <Filter>Header Files</Filter>
    </ClInclude>
    <ClInclude Include="include\QCHelperFunctions.h">
      <Filter>Header Files</Filter>
    </ClInclude>
    <ClInclude Include="include\QCIcpClfPayoff.h">
      <Filter>Header Files</Filter>
    </ClInclude>
    <ClInclude Include="include\QCIcpClpPayoff.h">
      <Filter>Header Files</Filter>
    </ClInclude>
    <ClInclude Include="include\QCInterestRate.h">
      <Filter>Header Files</Filter>
    </ClInclude>
    <ClInclude Include="include\QCInterestRateBasisSwap.h">
      <Filter>Header Files</Filter>
    </ClInclude>
    <ClInclude Include="include\QCInterestRateCurve.h">
      <Filter>Header Files</Filter>
    </ClInclude>
    <ClInclude Include="include\QCInterestRateCurveGenerator.h">
      <Filter>Header Files</Filter>
    </ClInclude>
    <ClInclude Include="include\QCInterestRateLeg.h">
      <Filter>Header Files</Filter>
    </ClInclude>
    <ClInclude Include="include\QCInterestRatePayoff.h">
      <Filter>Header Files</Filter>
    </ClInclude>
    <ClInclude Include="include\QCInterestRatePeriodsFactory.h">
      <Filter>Header Files</Filter>
    </ClInclude>
    <ClInclude Include="include\QCInterpolator.h">
      <Filter>Header Files</Filter>
    </ClInclude>
    <ClInclude Include="include\QCLinearInterpolator.h">
      <Filter>Header Files</Filter>
    </ClInclude>
    <ClInclude Include="include\QCLinearWf.h">
      <Filter>Header Files</Filter>
    </ClInclude>
    <ClInclude Include="include\QCLogLinearInterpolator.h">
      <Filter>Header Files</Filter>
    </ClInclude>
    <ClInclude Include="include\QCOperation.h">
      <Filter>Header Files</Filter>
    </ClInclude>
    <ClInclude Include="include\QCProjectingInterestRateCurve.h">
      <Filter>Header Files</Filter>
    </ClInclude>
    <ClInclude Include="include\QCTest.h">
      <Filter>Header Files</Filter>
    </ClInclude>
    <ClInclude Include="include\QCTimeDepositPayoff.h">
      <Filter>Header Files</Filter>
    </ClInclude>
    <ClInclude Include="include\QCValueEngine.h">
      <Filter>Header Files</Filter>
    </ClInclude>
    <ClInclude Include="include\QCWealthFactor.h">
      <Filter>Header Files</Filter>
    </ClInclude>
    <ClInclude Include="include\QCYearFraction.h">
      <Filter>Header Files</Filter>
    </ClInclude>
    <ClInclude Include="include\QCZeroCouponCurve.h">
      <Filter>Header Files</Filter>
    </ClInclude>
    <ClInclude Include="include\QCZeroCouponDiscountFactorCurve.h">
      <Filter>Header Files</Filter>
    </ClInclude>
    <ClInclude Include="include\QCZeroCouponInterestRateCurve.h">
      <Filter>Header Files</Filter>
    </ClInclude>
    <ClInclude Include="include\QCZeroCurveBootstrappingFromRates.h">
      <Filter>Header Files</Filter>
    </ClInclude>
    <ClInclude Include="include\QCZeroCurveBootstrappingFromRatesAndFixedLegs.h">
      <Filter>Header Files</Filter>
    </ClInclude>
    <ClInclude Include="include\QCZeroCurveBootstrappingFromRatesAndFloatingLegsProjCurve.h">
      <Filter>Header Files</Filter>
    </ClInclude>
    <ClInclude Include="include\QCZeroCurveBootstrappingFromRatesFwdsAndFixedLegs.h">
      <Filter>Header Files</Filter>
    </ClInclude>
    <ClInclude Include="include\QCZeroCurveBootstrappingFromRatesFwdsAndFloatingLegs.h">
      <Filter>Header Files</Filter>
    </ClInclude>
    <ClInclude Include="include\Quanto.h">
      <Filter>Header Files</Filter>
    </ClInclude>
    <ClInclude Include="include\SimpleCashflow.h">
      <Filter>Header Files</Filter>
    </ClInclude>
    <ClInclude Include="include\SimpleMultiCurrencyCashflow.h">
      <Filter>Header Files</Filter>
    </ClInclude>
    <ClInclude Include="include\Tenor.h">
      <Filter>Header Files</Filter>
    </ClInclude>
    <ClInclude Include="include\TypeAliases.h">
      <Filter>Header Files</Filter>
    </ClInclude>
    <ClInclude Include="include\ZeroCouponCurve.h">
      <Filter>Header Files</Filter>
    </ClInclude>
    <ClInclude Include="include\catch-2.hpp">
      <Filter>Header Files</Filter>
    </ClInclude>
  </ItemGroup>
</Project>